// !$*UTF8*$!
{
	archiveVersion = 1;
	classes = {
	};
	objectVersion = 56;
	objects = {

/* Begin PBXBuildFile section */
		91C99B6F2AFD718300A05978 /* CourseListView.swift in Sources */ = {isa = PBXBuildFile; fileRef = 91C99B6E2AFD718300A05978 /* CourseListView.swift */; };
		91D31DDD2B0258A300F682A7 /* CustomeCell.swift in Sources */ = {isa = PBXBuildFile; fileRef = 91D31DDC2B0258A300F682A7 /* CustomeCell.swift */; };
		91D3CEFA2AFD2C5100B164CB /* Demo_ProjectApp.swift in Sources */ = {isa = PBXBuildFile; fileRef = 91D3CEF92AFD2C5100B164CB /* Demo_ProjectApp.swift */; };
		91D3CEFC2AFD2C5100B164CB /* ContentView.swift in Sources */ = {isa = PBXBuildFile; fileRef = 91D3CEFB2AFD2C5100B164CB /* ContentView.swift */; };
		91D3CEFE2AFD2C5200B164CB /* Assets.xcassets in Resources */ = {isa = PBXBuildFile; fileRef = 91D3CEFD2AFD2C5200B164CB /* Assets.xcassets */; };
		91D3CF012AFD2C5200B164CB /* Preview Assets.xcassets in Resources */ = {isa = PBXBuildFile; fileRef = 91D3CF002AFD2C5200B164CB /* Preview Assets.xcassets */; };
		91D3CF082AFD2D8100B164CB /* Color.xcassets in Resources */ = {isa = PBXBuildFile; fileRef = 91D3CF072AFD2D8100B164CB /* Color.xcassets */; };
		91D3CF0A2AFD2DB900B164CB /* Constants.swift in Sources */ = {isa = PBXBuildFile; fileRef = 91D3CF092AFD2DB900B164CB /* Constants.swift */; };
		91D3CF152AFD35CF00B164CB /* Inter-ExtraBold.ttf in Resources */ = {isa = PBXBuildFile; fileRef = 91D3CF0C2AFD35CF00B164CB /* Inter-ExtraBold.ttf */; };
		91D3CF162AFD35CF00B164CB /* Inter-Thin.ttf in Resources */ = {isa = PBXBuildFile; fileRef = 91D3CF0D2AFD35CF00B164CB /* Inter-Thin.ttf */; };
		91D3CF172AFD35CF00B164CB /* Inter-Medium.ttf in Resources */ = {isa = PBXBuildFile; fileRef = 91D3CF0E2AFD35CF00B164CB /* Inter-Medium.ttf */; };
		91D3CF182AFD35CF00B164CB /* Inter-Regular.ttf in Resources */ = {isa = PBXBuildFile; fileRef = 91D3CF0F2AFD35CF00B164CB /* Inter-Regular.ttf */; };
		91D3CF192AFD35CF00B164CB /* Inter-SemiBold.ttf in Resources */ = {isa = PBXBuildFile; fileRef = 91D3CF102AFD35CF00B164CB /* Inter-SemiBold.ttf */; };
		91D3CF1A2AFD35CF00B164CB /* Inter-Light.ttf in Resources */ = {isa = PBXBuildFile; fileRef = 91D3CF112AFD35CF00B164CB /* Inter-Light.ttf */; };
		91D3CF1B2AFD35CF00B164CB /* Inter-Black.ttf in Resources */ = {isa = PBXBuildFile; fileRef = 91D3CF122AFD35CF00B164CB /* Inter-Black.ttf */; };
		91D3CF1C2AFD35CF00B164CB /* Inter-ExtraLight.ttf in Resources */ = {isa = PBXBuildFile; fileRef = 91D3CF132AFD35CF00B164CB /* Inter-ExtraLight.ttf */; };
		91D3CF1D2AFD35CF00B164CB /* Inter-Bold.ttf in Resources */ = {isa = PBXBuildFile; fileRef = 91D3CF142AFD35CF00B164CB /* Inter-Bold.ttf */; };
		91D3CF202AFD63EC00B164CB /* ApiHandler.swift in Sources */ = {isa = PBXBuildFile; fileRef = 91D3CF1F2AFD63EC00B164CB /* ApiHandler.swift */; };
/* End PBXBuildFile section */

/* Begin PBXFileReference section */
		91C99B6E2AFD718300A05978 /* CourseListView.swift */ = {isa = PBXFileReference; lastKnownFileType = sourcecode.swift; path = CourseListView.swift; sourceTree = "<group>"; };
		91D31DDC2B0258A300F682A7 /* CustomeCell.swift */ = {isa = PBXFileReference; lastKnownFileType = sourcecode.swift; path = CustomeCell.swift; sourceTree = "<group>"; };
		91D3CEF62AFD2C5100B164CB /* Demo Project.app */ = {isa = PBXFileReference; explicitFileType = wrapper.application; includeInIndex = 0; path = "Demo Project.app"; sourceTree = BUILT_PRODUCTS_DIR; };
		91D3CEF92AFD2C5100B164CB /* Demo_ProjectApp.swift */ = {isa = PBXFileReference; lastKnownFileType = sourcecode.swift; path = Demo_ProjectApp.swift; sourceTree = "<group>"; };
		91D3CEFB2AFD2C5100B164CB /* ContentView.swift */ = {isa = PBXFileReference; lastKnownFileType = sourcecode.swift; path = ContentView.swift; sourceTree = "<group>"; };
		91D3CEFD2AFD2C5200B164CB /* Assets.xcassets */ = {isa = PBXFileReference; lastKnownFileType = folder.assetcatalog; path = Assets.xcassets; sourceTree = "<group>"; };
		91D3CF002AFD2C5200B164CB /* Preview Assets.xcassets */ = {isa = PBXFileReference; lastKnownFileType = folder.assetcatalog; path = "Preview Assets.xcassets"; sourceTree = "<group>"; };
		91D3CF072AFD2D8100B164CB /* Color.xcassets */ = {isa = PBXFileReference; lastKnownFileType = folder.assetcatalog; path = Color.xcassets; sourceTree = "<group>"; };
		91D3CF092AFD2DB900B164CB /* Constants.swift */ = {isa = PBXFileReference; lastKnownFileType = sourcecode.swift; path = Constants.swift; sourceTree = "<group>"; };
		91D3CF0C2AFD35CF00B164CB /* Inter-ExtraBold.ttf */ = {isa = PBXFileReference; lastKnownFileType = file; path = "Inter-ExtraBold.ttf"; sourceTree = "<group>"; };
		91D3CF0D2AFD35CF00B164CB /* Inter-Thin.ttf */ = {isa = PBXFileReference; lastKnownFileType = file; path = "Inter-Thin.ttf"; sourceTree = "<group>"; };
		91D3CF0E2AFD35CF00B164CB /* Inter-Medium.ttf */ = {isa = PBXFileReference; lastKnownFileType = file; path = "Inter-Medium.ttf"; sourceTree = "<group>"; };
		91D3CF0F2AFD35CF00B164CB /* Inter-Regular.ttf */ = {isa = PBXFileReference; lastKnownFileType = file; path = "Inter-Regular.ttf"; sourceTree = "<group>"; };
		91D3CF102AFD35CF00B164CB /* Inter-SemiBold.ttf */ = {isa = PBXFileReference; lastKnownFileType = file; path = "Inter-SemiBold.ttf"; sourceTree = "<group>"; };
		91D3CF112AFD35CF00B164CB /* Inter-Light.ttf */ = {isa = PBXFileReference; lastKnownFileType = file; path = "Inter-Light.ttf"; sourceTree = "<group>"; };
		91D3CF122AFD35CF00B164CB /* Inter-Black.ttf */ = {isa = PBXFileReference; lastKnownFileType = file; path = "Inter-Black.ttf"; sourceTree = "<group>"; };
		91D3CF132AFD35CF00B164CB /* Inter-ExtraLight.ttf */ = {isa = PBXFileReference; lastKnownFileType = file; path = "Inter-ExtraLight.ttf"; sourceTree = "<group>"; };
		91D3CF142AFD35CF00B164CB /* Inter-Bold.ttf */ = {isa = PBXFileReference; lastKnownFileType = file; path = "Inter-Bold.ttf"; sourceTree = "<group>"; };
		91D3CF1E2AFD361E00B164CB /* Demo-Project-Info.plist */ = {isa = PBXFileReference; lastKnownFileType = text.plist; path = "Demo-Project-Info.plist"; sourceTree = SOURCE_ROOT; };
		91D3CF1F2AFD63EC00B164CB /* ApiHandler.swift */ = {isa = PBXFileReference; lastKnownFileType = sourcecode.swift; path = ApiHandler.swift; sourceTree = "<group>"; };
/* End PBXFileReference section */

/* Begin PBXFrameworksBuildPhase section */
		91D3CEF32AFD2C5100B164CB /* Frameworks */ = {
			isa = PBXFrameworksBuildPhase;
			buildActionMask = 2147483647;
			files = (
			);
			runOnlyForDeploymentPostprocessing = 0;
		};
/* End PBXFrameworksBuildPhase section */

/* Begin PBXGroup section */
		91D3CEED2AFD2C5100B164CB = {
			isa = PBXGroup;
			children = (
				91D3CEF82AFD2C5100B164CB /* Demo Project */,
				91D3CEF72AFD2C5100B164CB /* Products */,
			);
			sourceTree = "<group>";
		};
		91D3CEF72AFD2C5100B164CB /* Products */ = {
			isa = PBXGroup;
			children = (
				91D3CEF62AFD2C5100B164CB /* Demo Project.app */,
			);
			name = Products;
			sourceTree = "<group>";
		};
		91D3CEF82AFD2C5100B164CB /* Demo Project */ = {
			isa = PBXGroup;
			children = (
				91D3CF1E2AFD361E00B164CB /* Demo-Project-Info.plist */,
				91D3CF0B2AFD35B900B164CB /* Fonts */,
				91D3CEF92AFD2C5100B164CB /* Demo_ProjectApp.swift */,
				91D3CF092AFD2DB900B164CB /* Constants.swift */,
				91D3CEFB2AFD2C5100B164CB /* ContentView.swift */,
				91C99B6E2AFD718300A05978 /* CourseListView.swift */,
				91D31DDC2B0258A300F682A7 /* CustomeCell.swift */,
				91D3CF1F2AFD63EC00B164CB /* ApiHandler.swift */,
				91D3CEFD2AFD2C5200B164CB /* Assets.xcassets */,
				91D3CF072AFD2D8100B164CB /* Color.xcassets */,
				91D3CEFF2AFD2C5200B164CB /* Preview Content */,
			);
			path = "Demo Project";
			sourceTree = "<group>";
		};
		91D3CEFF2AFD2C5200B164CB /* Preview Content */ = {
			isa = PBXGroup;
			children = (
				91D3CF002AFD2C5200B164CB /* Preview Assets.xcassets */,
			);
			path = "Preview Content";
			sourceTree = "<group>";
		};
		91D3CF0B2AFD35B900B164CB /* Fonts */ = {
			isa = PBXGroup;
			children = (
				91D3CF122AFD35CF00B164CB /* Inter-Black.ttf */,
				91D3CF142AFD35CF00B164CB /* Inter-Bold.ttf */,
				91D3CF0C2AFD35CF00B164CB /* Inter-ExtraBold.ttf */,
				91D3CF132AFD35CF00B164CB /* Inter-ExtraLight.ttf */,
				91D3CF112AFD35CF00B164CB /* Inter-Light.ttf */,
				91D3CF0E2AFD35CF00B164CB /* Inter-Medium.ttf */,
				91D3CF0F2AFD35CF00B164CB /* Inter-Regular.ttf */,
				91D3CF102AFD35CF00B164CB /* Inter-SemiBold.ttf */,
				91D3CF0D2AFD35CF00B164CB /* Inter-Thin.ttf */,
			);
			path = Fonts;
			sourceTree = "<group>";
		};
/* End PBXGroup section */

/* Begin PBXNativeTarget section */
		91D3CEF52AFD2C5100B164CB /* Demo Project */ = {
			isa = PBXNativeTarget;
			buildConfigurationList = 91D3CF042AFD2C5200B164CB /* Build configuration list for PBXNativeTarget "Demo Project" */;
			buildPhases = (
				91D3CEF22AFD2C5100B164CB /* Sources */,
				91D3CEF32AFD2C5100B164CB /* Frameworks */,
				91D3CEF42AFD2C5100B164CB /* Resources */,
			);
			buildRules = (
			);
			dependencies = (
			);
			name = "Demo Project";
			productName = "Demo Project";
			productReference = 91D3CEF62AFD2C5100B164CB /* Demo Project.app */;
			productType = "com.apple.product-type.application";
		};
/* End PBXNativeTarget section */

/* Begin PBXProject section */
		91D3CEEE2AFD2C5100B164CB /* Project object */ = {
			isa = PBXProject;
			attributes = {
				BuildIndependentTargetsInParallel = 1;
				LastSwiftUpdateCheck = 1500;
				LastUpgradeCheck = 1500;
				TargetAttributes = {
					91D3CEF52AFD2C5100B164CB = {
						CreatedOnToolsVersion = 15.0;
					};
				};
			};
			buildConfigurationList = 91D3CEF12AFD2C5100B164CB /* Build configuration list for PBXProject "Demo Project" */;
			compatibilityVersion = "Xcode 14.0";
			developmentRegion = en;
			hasScannedForEncodings = 0;
			knownRegions = (
				en,
				Base,
			);
			mainGroup = 91D3CEED2AFD2C5100B164CB;
			productRefGroup = 91D3CEF72AFD2C5100B164CB /* Products */;
			projectDirPath = "";
			projectRoot = "";
			targets = (
				91D3CEF52AFD2C5100B164CB /* Demo Project */,
			);
		};
/* End PBXProject section */

/* Begin PBXResourcesBuildPhase section */
		91D3CEF42AFD2C5100B164CB /* Resources */ = {
			isa = PBXResourcesBuildPhase;
			buildActionMask = 2147483647;
			files = (
				91D3CF012AFD2C5200B164CB /* Preview Assets.xcassets in Resources */,
				91D3CF1A2AFD35CF00B164CB /* Inter-Light.ttf in Resources */,
				91D3CEFE2AFD2C5200B164CB /* Assets.xcassets in Resources */,
				91D3CF172AFD35CF00B164CB /* Inter-Medium.ttf in Resources */,
				91D3CF082AFD2D8100B164CB /* Color.xcassets in Resources */,
				91D3CF192AFD35CF00B164CB /* Inter-SemiBold.ttf in Resources */,
				91D3CF1D2AFD35CF00B164CB /* Inter-Bold.ttf in Resources */,
				91D3CF162AFD35CF00B164CB /* Inter-Thin.ttf in Resources */,
				91D3CF1B2AFD35CF00B164CB /* Inter-Black.ttf in Resources */,
				91D3CF1C2AFD35CF00B164CB /* Inter-ExtraLight.ttf in Resources */,
				91D3CF152AFD35CF00B164CB /* Inter-ExtraBold.ttf in Resources */,
				91D3CF182AFD35CF00B164CB /* Inter-Regular.ttf in Resources */,
			);
			runOnlyForDeploymentPostprocessing = 0;
		};
/* End PBXResourcesBuildPhase section */

/* Begin PBXSourcesBuildPhase section */
		91D3CEF22AFD2C5100B164CB /* Sources */ = {
			isa = PBXSourcesBuildPhase;
			buildActionMask = 2147483647;
			files = (
				91D31DDD2B0258A300F682A7 /* CustomeCell.swift in Sources */,
				91D3CEFC2AFD2C5100B164CB /* ContentView.swift in Sources */,
				91D3CEFA2AFD2C5100B164CB /* Demo_ProjectApp.swift in Sources */,
				91C99B6F2AFD718300A05978 /* CourseListView.swift in Sources */,
				91D3CF0A2AFD2DB900B164CB /* Constants.swift in Sources */,
				91D3CF202AFD63EC00B164CB /* ApiHandler.swift in Sources */,
			);
			runOnlyForDeploymentPostprocessing = 0;
		};
/* End PBXSourcesBuildPhase section */

/* Begin XCBuildConfiguration section */
		91D3CF022AFD2C5200B164CB /* Debug */ = {
			isa = XCBuildConfiguration;
			buildSettings = {
				ALWAYS_SEARCH_USER_PATHS = NO;
				ASSETCATALOG_COMPILER_GENERATE_SWIFT_ASSET_SYMBOL_EXTENSIONS = YES;
				CLANG_ANALYZER_NONNULL = YES;
				CLANG_ANALYZER_NUMBER_OBJECT_CONVERSION = YES_AGGRESSIVE;
				CLANG_CXX_LANGUAGE_STANDARD = "gnu++20";
				CLANG_ENABLE_MODULES = YES;
				CLANG_ENABLE_OBJC_ARC = YES;
				CLANG_ENABLE_OBJC_WEAK = YES;
				CLANG_WARN_BLOCK_CAPTURE_AUTORELEASING = YES;
				CLANG_WARN_BOOL_CONVERSION = YES;
				CLANG_WARN_COMMA = YES;
				CLANG_WARN_CONSTANT_CONVERSION = YES;
				CLANG_WARN_DEPRECATED_OBJC_IMPLEMENTATIONS = YES;
				CLANG_WARN_DIRECT_OBJC_ISA_USAGE = YES_ERROR;
				CLANG_WARN_DOCUMENTATION_COMMENTS = YES;
				CLANG_WARN_EMPTY_BODY = YES;
				CLANG_WARN_ENUM_CONVERSION = YES;
				CLANG_WARN_INFINITE_RECURSION = YES;
				CLANG_WARN_INT_CONVERSION = YES;
				CLANG_WARN_NON_LITERAL_NULL_CONVERSION = YES;
				CLANG_WARN_OBJC_IMPLICIT_RETAIN_SELF = YES;
				CLANG_WARN_OBJC_LITERAL_CONVERSION = YES;
				CLANG_WARN_OBJC_ROOT_CLASS = YES_ERROR;
				CLANG_WARN_QUOTED_INCLUDE_IN_FRAMEWORK_HEADER = YES;
				CLANG_WARN_RANGE_LOOP_ANALYSIS = YES;
				CLANG_WARN_STRICT_PROTOTYPES = YES;
				CLANG_WARN_SUSPICIOUS_MOVE = YES;
				CLANG_WARN_UNGUARDED_AVAILABILITY = YES_AGGRESSIVE;
				CLANG_WARN_UNREACHABLE_CODE = YES;
				CLANG_WARN__DUPLICATE_METHOD_MATCH = YES;
				COPY_PHASE_STRIP = NO;
				DEBUG_INFORMATION_FORMAT = dwarf;
				ENABLE_STRICT_OBJC_MSGSEND = YES;
				ENABLE_TESTABILITY = YES;
				ENABLE_USER_SCRIPT_SANDBOXING = YES;
				GCC_C_LANGUAGE_STANDARD = gnu17;
				GCC_DYNAMIC_NO_PIC = NO;
				GCC_NO_COMMON_BLOCKS = YES;
				GCC_OPTIMIZATION_LEVEL = 0;
				GCC_PREPROCESSOR_DEFINITIONS = (
					"DEBUG=1",
					"$(inherited)",
				);
				GCC_WARN_64_TO_32_BIT_CONVERSION = YES;
				GCC_WARN_ABOUT_RETURN_TYPE = YES_ERROR;
				GCC_WARN_UNDECLARED_SELECTOR = YES;
				GCC_WARN_UNINITIALIZED_AUTOS = YES_AGGRESSIVE;
				GCC_WARN_UNUSED_FUNCTION = YES;
				GCC_WARN_UNUSED_VARIABLE = YES;
				IPHONEOS_DEPLOYMENT_TARGET = 17.0;
				LOCALIZATION_PREFERS_STRING_CATALOGS = YES;
				MTL_ENABLE_DEBUG_INFO = INCLUDE_SOURCE;
				MTL_FAST_MATH = YES;
				ONLY_ACTIVE_ARCH = YES;
				SDKROOT = iphoneos;
				SWIFT_ACTIVE_COMPILATION_CONDITIONS = "DEBUG $(inherited)";
				SWIFT_OPTIMIZATION_LEVEL = "-Onone";
			};
			name = Debug;
		};
		91D3CF032AFD2C5200B164CB /* Release */ = {
			isa = XCBuildConfiguration;
			buildSettings = {
				ALWAYS_SEARCH_USER_PATHS = NO;
				ASSETCATALOG_COMPILER_GENERATE_SWIFT_ASSET_SYMBOL_EXTENSIONS = YES;
				CLANG_ANALYZER_NONNULL = YES;
				CLANG_ANALYZER_NUMBER_OBJECT_CONVERSION = YES_AGGRESSIVE;
				CLANG_CXX_LANGUAGE_STANDARD = "gnu++20";
				CLANG_ENABLE_MODULES = YES;
				CLANG_ENABLE_OBJC_ARC = YES;
				CLANG_ENABLE_OBJC_WEAK = YES;
				CLANG_WARN_BLOCK_CAPTURE_AUTORELEASING = YES;
				CLANG_WARN_BOOL_CONVERSION = YES;
				CLANG_WARN_COMMA = YES;
				CLANG_WARN_CONSTANT_CONVERSION = YES;
				CLANG_WARN_DEPRECATED_OBJC_IMPLEMENTATIONS = YES;
				CLANG_WARN_DIRECT_OBJC_ISA_USAGE = YES_ERROR;
				CLANG_WARN_DOCUMENTATION_COMMENTS = YES;
				CLANG_WARN_EMPTY_BODY = YES;
				CLANG_WARN_ENUM_CONVERSION = YES;
				CLANG_WARN_INFINITE_RECURSION = YES;
				CLANG_WARN_INT_CONVERSION = YES;
				CLANG_WARN_NON_LITERAL_NULL_CONVERSION = YES;
				CLANG_WARN_OBJC_IMPLICIT_RETAIN_SELF = YES;
				CLANG_WARN_OBJC_LITERAL_CONVERSION = YES;
				CLANG_WARN_OBJC_ROOT_CLASS = YES_ERROR;
				CLANG_WARN_QUOTED_INCLUDE_IN_FRAMEWORK_HEADER = YES;
				CLANG_WARN_RANGE_LOOP_ANALYSIS = YES;
				CLANG_WARN_STRICT_PROTOTYPES = YES;
				CLANG_WARN_SUSPICIOUS_MOVE = YES;
				CLANG_WARN_UNGUARDED_AVAILABILITY = YES_AGGRESSIVE;
				CLANG_WARN_UNREACHABLE_CODE = YES;
				CLANG_WARN__DUPLICATE_METHOD_MATCH = YES;
				COPY_PHASE_STRIP = NO;
				DEBUG_INFORMATION_FORMAT = "dwarf-with-dsym";
				ENABLE_NS_ASSERTIONS = NO;
				ENABLE_STRICT_OBJC_MSGSEND = YES;
				ENABLE_USER_SCRIPT_SANDBOXING = YES;
				GCC_C_LANGUAGE_STANDARD = gnu17;
				GCC_NO_COMMON_BLOCKS = YES;
				GCC_WARN_64_TO_32_BIT_CONVERSION = YES;
				GCC_WARN_ABOUT_RETURN_TYPE = YES_ERROR;
				GCC_WARN_UNDECLARED_SELECTOR = YES;
				GCC_WARN_UNINITIALIZED_AUTOS = YES_AGGRESSIVE;
				GCC_WARN_UNUSED_FUNCTION = YES;
				GCC_WARN_UNUSED_VARIABLE = YES;
				IPHONEOS_DEPLOYMENT_TARGET = 17.0;
				LOCALIZATION_PREFERS_STRING_CATALOGS = YES;
				MTL_ENABLE_DEBUG_INFO = NO;
				MTL_FAST_MATH = YES;
				SDKROOT = iphoneos;
				SWIFT_COMPILATION_MODE = wholemodule;
				VALIDATE_PRODUCT = YES;
			};
			name = Release;
		};
		91D3CF052AFD2C5200B164CB /* Debug */ = {
			isa = XCBuildConfiguration;
			buildSettings = {
				ASSETCATALOG_COMPILER_APPICON_NAME = AppIcon;
				ASSETCATALOG_COMPILER_GLOBAL_ACCENT_COLOR_NAME = AccentColor;
				CODE_SIGN_STYLE = Automatic;
				CURRENT_PROJECT_VERSION = 1;
				DEVELOPMENT_ASSET_PATHS = "\"Demo Project/Preview Content\"";
				DEVELOPMENT_TEAM = V8GQJ49YQW;
				ENABLE_PREVIEWS = YES;
				GENERATE_INFOPLIST_FILE = YES;
				INFOPLIST_FILE = "Demo-Project-Info.plist";
				INFOPLIST_KEY_UIApplicationSceneManifest_Generation = YES;
				INFOPLIST_KEY_UIApplicationSupportsIndirectInputEvents = YES;
				INFOPLIST_KEY_UILaunchScreen_Generation = YES;
				INFOPLIST_KEY_UISupportedInterfaceOrientations = UIInterfaceOrientationPortrait;
				IPHONEOS_DEPLOYMENT_TARGET = 16.0;
				LD_RUNPATH_SEARCH_PATHS = (
					"$(inherited)",
					"@executable_path/Frameworks",
				);
				MARKETING_VERSION = 1.0;
				PRODUCT_BUNDLE_IDENTIFIER = "com.company.WidgetDemo.Demo-Project";
				PRODUCT_NAME = "$(TARGET_NAME)";
				SWIFT_EMIT_LOC_STRINGS = YES;
				SWIFT_VERSION = 5.0;
				TARGETED_DEVICE_FAMILY = "1,2";
			};
			name = Debug;
		};
		91D3CF062AFD2C5200B164CB /* Release */ = {
			isa = XCBuildConfiguration;
			buildSettings = {
				ASSETCATALOG_COMPILER_APPICON_NAME = AppIcon;
				ASSETCATALOG_COMPILER_GLOBAL_ACCENT_COLOR_NAME = AccentColor;
				CODE_SIGN_STYLE = Automatic;
				CURRENT_PROJECT_VERSION = 1;
				DEVELOPMENT_ASSET_PATHS = "\"Demo Project/Preview Content\"";
				DEVELOPMENT_TEAM = V8GQJ49YQW;
				ENABLE_PREVIEWS = YES;
				GENERATE_INFOPLIST_FILE = YES;
				INFOPLIST_FILE = "Demo-Project-Info.plist";
				INFOPLIST_KEY_UIApplicationSceneManifest_Generation = YES;
				INFOPLIST_KEY_UIApplicationSupportsIndirectInputEvents = YES;
				INFOPLIST_KEY_UILaunchScreen_Generation = YES;
				INFOPLIST_KEY_UISupportedInterfaceOrientations = UIInterfaceOrientationPortrait;
				IPHONEOS_DEPLOYMENT_TARGET = 16.0;
				LD_RUNPATH_SEARCH_PATHS = (
					"$(inherited)",
					"@executable_path/Frameworks",
				);
				MARKETING_VERSION = 1.0;
				PRODUCT_BUNDLE_IDENTIFIER = "com.company.WidgetDemo.Demo-Project";
				PRODUCT_NAME = "$(TARGET_NAME)";
				SWIFT_EMIT_LOC_STRINGS = YES;
				SWIFT_VERSION = 5.0;
				TARGETED_DEVICE_FAMILY = "1,2";
			};
			name = Release;
		};
/* End XCBuildConfiguration section */

/* Begin XCConfigurationList section */
		91D3CEF12AFD2C5100B164CB /* Build configuration list for PBXProject "Demo Project" */ = {
			isa = XCConfigurationList;
			buildConfigurations = (
				91D3CF022AFD2C5200B164CB /* Debug */,
				91D3CF032AFD2C5200B164CB /* Release */,
			);
			defaultConfigurationIsVisible = 0;
			defaultConfigurationName = Release;
		};
		91D3CF042AFD2C5200B164CB /* Build configuration list for PBXNativeTarget "Demo Project" */ = {
			isa = XCConfigurationList;
			buildConfigurations = (
				91D3CF052AFD2C5200B164CB /* Debug */,
				91D3CF062AFD2C5200B164CB /* Release */,
			);
			defaultConfigurationIsVisible = 0;
			defaultConfigurationName = Release;
		};
/* End XCConfigurationList section */
	};
	rootObject = 91D3CEEE2AFD2C5100B164CB /* Project object */;
}
